lockfileVersion: '9.0'

settings:
  autoInstallPeers: true
  excludeLinksFromLockfile: false

importers:

  .:
    devDependencies:
      miniprogram-api-typings:
        specifier: ^2.8.3-1
        version: 2.8.3-1

packages:

  miniprogram-api-typings@2.8.3-1:
    resolution: {integrity: sha512-xJsm+8aF4s8hks/Xbls8UuJ707x67b/6+dw8jvsPkoGt+SfRoRh6FtEueHyz03VTPiq+untKqKR/bFC9/EGImw==}

snapshots:

  miniprogram-api-typings@2.8.3-1: {}
